
Microsoft Visual Studio Solution File, Format Version 12.00
# Visual Studio 15
VisualStudioVersion = 15.0.27428.2037
MinimumVisualStudioVersion = 10.0.40219.1
Project("{FAE04EC0-301F-11D3-BF4B-00C04F79EFBC}") = "PracticeForm", "PracticeForm\PracticeForm.csproj", "{6292438F-8788-45F1-9934-DF181C61B67A}"
EndProject
Global
	GlobalSection(SolutionConfigurationPlatforms) = preSolution
		Debug|Any CPU = Debug|Any CPU
		Release|Any CPU = Release|Any CPU
	EndGlobalSection
	GlobalSection(ProjectConfigurationPlatforms) = postSolution
		{6292438F-8788-45F1-9934-DF181C61B67A}.Debug|Any CPU.ActiveCfg = Debug|Any CPU
		{6292438F-8788-45F1-9934-DF181C61B67A}.Debug|Any CPU.Build.0 = Debug|Any CPU
		{6292438F-8788-45F1-9934-DF181C61B67A}.Release|Any CPU.ActiveCfg = Release|Any CPU
		{6292438F-8788-45F1-9934-DF181C61B67A}.Release|Any CPU.Build.0 = Release|Any CPU
	EndGlobalSection
	GlobalSection(SolutionProperties) = preSolution
		HideSolutionNode = FALSE
	EndGlobalSection
	GlobalSection(ExtensibilityGlobals) = postSolution
		SolutionGuid = {8DBAA494-0FAC-422C-B378-AAC6660C6507}
	EndGlobalSection
EndGlobal
